
Microsoft Visual Studio Solution File, Format Version 12.00
# Visual Studio Version 17
VisualStudioVersion = 17.5.33516.290
MinimumVisualStudioVersion = 10.0.40219.1
Project("{FAE04EC0-301F-11D3-BF4B-00C04F79EFBC}") = "GAME14", "GAME14\GAME14.csproj", "{B72CF692-8E87-4229-A7A1-3DEFC597156A}"
EndProject
Global
	GlobalSection(SolutionConfigurationPlatforms) = preSolution
		Debug|Any CPU = Debug|Any CPU
		Release|Any CPU = Release|Any CPU
	EndGlobalSection
	GlobalSection(ProjectConfigurationPlatforms) = postSolution
		{B72CF692-8E87-4229-A7A1-3DEFC597156A}.Debug|Any CPU.ActiveCfg = Debug|Any CPU
		{B72CF692-8E87-4229-A7A1-3DEFC597156A}.Debug|Any CPU.Build.0 = Debug|Any CPU
		{B72CF692-8E87-4229-A7A1-3DEFC597156A}.Release|Any CPU.ActiveCfg = Release|Any CPU
		{B72CF692-8E87-4229-A7A1-3DEFC597156A}.Release|Any CPU.Build.0 = Release|Any CPU
	EndGlobalSection
	GlobalSection(SolutionProperties) = preSolution
		HideSolutionNode = FALSE
	EndGlobalSection
	GlobalSection(ExtensibilityGlobals) = postSolution
		SolutionGuid = {F104685E-1768-4DDD-9982-67A7CB6F418B}
	EndGlobalSection
EndGlobal
